
Microsoft Visual Studio Solution File, Format Version 12.00
# Visual Studio Version 16
VisualStudioVersion = 16.0.29709.97
MinimumVisualStudioVersion = 10.0.40219.1
Project("{FAE04EC0-301F-11D3-BF4B-00C04F79EFBC}") = "Pranali", "Pranali.csproj", "{B1B4300D-0B06-49CD-8D6C-A4B14BD5E567}"
EndProject
Global
	GlobalSection(SolutionConfigurationPlatforms) = preSolution
		Debug|Any CPU = Debug|Any CPU
		Release|Any CPU = Release|Any CPU
	EndGlobalSection
	GlobalSection(ProjectConfigurationPlatforms) = postSolution
		{B1B4300D-0B06-49CD-8D6C-A4B14BD5E567}.Debug|Any CPU.ActiveCfg = Debug|Any CPU
		{B1B4300D-0B06-49CD-8D6C-A4B14BD5E567}.Debug|Any CPU.Build.0 = Debug|Any CPU
		{B1B4300D-0B06-49CD-8D6C-A4B14BD5E567}.Release|Any CPU.ActiveCfg = Release|Any CPU
		{B1B4300D-0B06-49CD-8D6C-A4B14BD5E567}.Release|Any CPU.Build.0 = Release|Any CPU
	EndGlobalSection
	GlobalSection(SolutionProperties) = preSolution
		HideSolutionNode = FALSE
	EndGlobalSection
	GlobalSection(ExtensibilityGlobals) = postSolution
		SolutionGuid = {B352B9EA-C26B-4B61-A5F1-6DFDF3484C09}
	EndGlobalSection
EndGlobal
